
Microsoft Visual Studio Solution File, Format Version 12.00
# Visual Studio Version 17
VisualStudioVersion = 17.7.34202.233
MinimumVisualStudioVersion = 10.0.40219.1
Project("{FAE04EC0-301F-11D3-BF4B-00C04F79EFBC}") = "crosLab1", "crosLab1\crosLab1.csproj", "{C7B00013-B236-4493-BC6C-AA833DCBF531}"
EndProject
Global
	GlobalSection(SolutionConfigurationPlatforms) = preSolution
		Debug|Any CPU = Debug|Any CPU
		Release|Any CPU = Release|Any CPU
	EndGlobalSection
	GlobalSection(ProjectConfigurationPlatforms) = postSolution
		{C7B00013-B236-4493-BC6C-AA833DCBF531}.Debug|Any CPU.ActiveCfg = Debug|Any CPU
		{C7B00013-B236-4493-BC6C-AA833DCBF531}.Debug|Any CPU.Build.0 = Debug|Any CPU
		{C7B00013-B236-4493-BC6C-AA833DCBF531}.Release|Any CPU.ActiveCfg = Release|Any CPU
		{C7B00013-B236-4493-BC6C-AA833DCBF531}.Release|Any CPU.Build.0 = Release|Any CPU
	EndGlobalSection
	GlobalSection(SolutionProperties) = preSolution
		HideSolutionNode = FALSE
	EndGlobalSection
	GlobalSection(ExtensibilityGlobals) = postSolution
		SolutionGuid = {4A3D8DA7-C6A1-4E30-B711-0CA0F638FA76}
	EndGlobalSection
EndGlobal
